
Microsoft Visual Studio Solution File, Format Version 12.00
# Visual Studio 15
VisualStudioVersion = 15.0.27703.2042
MinimumVisualStudioVersion = 10.0.40219.1
Project("{FAE04EC0-301F-11D3-BF4B-00C04F79EFBC}") = "WebAnuv", "WebAnuv\WebAnuv.csproj", "{F3FFF003-CEE2-4394-B8E1-660A19ADDFE4}"
EndProject
Project("{FAE04EC0-301F-11D3-BF4B-00C04F79EFBC}") = "CloothBazar.Entities", "CloothBazar.Entities\CloothBazar.Entities.csproj", "{591EAF2F-FA06-41FB-AAA5-A925FEC83F18}"
EndProject
Project("{FAE04EC0-301F-11D3-BF4B-00C04F79EFBC}") = "CloothBazar.DataBasee", "CloothBazar.DataBasee\CloothBazar.DataBasee.csproj", "{1F768DE4-B6FA-443F-89D1-20EAC3A8301D}"
EndProject
Global
	GlobalSection(SolutionConfigurationPlatforms) = preSolution
		Debug|Any CPU = Debug|Any CPU
		Release|Any CPU = Release|Any CPU
	EndGlobalSection
	GlobalSection(ProjectConfigurationPlatforms) = postSolution
		{F3FFF003-CEE2-4394-B8E1-660A19ADDFE4}.Debug|Any CPU.ActiveCfg = Debug|Any CPU
		{F3FFF003-CEE2-4394-B8E1-660A19ADDFE4}.Debug|Any CPU.Build.0 = Debug|Any CPU
		{F3FFF003-CEE2-4394-B8E1-660A19ADDFE4}.Release|Any CPU.ActiveCfg = Release|Any CPU
		{F3FFF003-CEE2-4394-B8E1-660A19ADDFE4}.Release|Any CPU.Build.0 = Release|Any CPU
		{591EAF2F-FA06-41FB-AAA5-A925FEC83F18}.Debug|Any CPU.ActiveCfg = Debug|Any CPU
		{591EAF2F-FA06-41FB-AAA5-A925FEC83F18}.Debug|Any CPU.Build.0 = Debug|Any CPU
		{591EAF2F-FA06-41FB-AAA5-A925FEC83F18}.Release|Any CPU.ActiveCfg = Release|Any CPU
		{591EAF2F-FA06-41FB-AAA5-A925FEC83F18}.Release|Any CPU.Build.0 = Release|Any CPU
		{1F768DE4-B6FA-443F-89D1-20EAC3A8301D}.Debug|Any CPU.ActiveCfg = Debug|Any CPU
		{1F768DE4-B6FA-443F-89D1-20EAC3A8301D}.Debug|Any CPU.Build.0 = Debug|Any CPU
		{1F768DE4-B6FA-443F-89D1-20EAC3A8301D}.Release|Any CPU.ActiveCfg = Release|Any CPU
		{1F768DE4-B6FA-443F-89D1-20EAC3A8301D}.Release|Any CPU.Build.0 = Release|Any CPU
	EndGlobalSection
	GlobalSection(SolutionProperties) = preSolution
		HideSolutionNode = FALSE
	EndGlobalSection
	GlobalSection(ExtensibilityGlobals) = postSolution
		SolutionGuid = {C879C168-9F3D-44DA-94C8-5E48C96AE45C}
	EndGlobalSection
EndGlobal
